
Microsoft Visual Studio Solution File, Format Version 12.00
# Visual Studio Version 17
VisualStudioVersion = 17.0.32014.148
MinimumVisualStudioVersion = 10.0.40219.1
Project("{FAE04EC0-301F-11D3-BF4B-00C04F79EFBC}") = "FirstTask", "Task1\FirstTask\FirstTask.csproj", "{2A0E5C4F-B943-4F37-8A8B-6687DE8DEFBD}"
EndProject
Project("{FAE04EC0-301F-11D3-BF4B-00C04F79EFBC}") = "FirstClass", "Task1\FirstClass\FirstClass.csproj", "{558B9660-A620-4115-8558-3BC918263CFD}"
EndProject
Project("{FAE04EC0-301F-11D3-BF4B-00C04F79EFBC}") = "SecondClass", "Task1\SecondClass\SecondClass.csproj", "{0C51D06B-5B02-4ED5-9BF9-672CCB1D5428}"
EndProject
Project("{FAE04EC0-301F-11D3-BF4B-00C04F79EFBC}") = "SecondProject", "Task2\SecondProject\SecondProject.csproj", "{DD11C991-CFD2-4E08-B9A4-561246AA9337}"
EndProject
Project("{2150E333-8FDC-42A3-9474-1A3956D46DE8}") = "Task3", "Task3", "{AAEC891C-D236-41D3-82A4-FA84BE7D5BC8}"
EndProject
Project("{FAE04EC0-301F-11D3-BF4B-00C04F79EFBC}") = "ThirdProject", "Task3\ThirdProject\ThirdProject.csproj", "{FC900469-B52E-44EE-A931-5213E041C485}"
EndProject
Project("{2150E333-8FDC-42A3-9474-1A3956D46DE8}") = "Task4", "Task4", "{73760EB0-EBFC-4B67-AAED-E80D59805670}"
EndProject
Project("{FAE04EC0-301F-11D3-BF4B-00C04F79EFBC}") = "fourthProject", "Task4\fourthProject\fourthProject.csproj", "{42A93FE2-F7E1-4CF7-88A4-C8D8B9CBE387}"
EndProject
Global
	GlobalSection(SolutionConfigurationPlatforms) = preSolution
		Debug|Any CPU = Debug|Any CPU
		Release|Any CPU = Release|Any CPU
	EndGlobalSection
	GlobalSection(ProjectConfigurationPlatforms) = postSolution
		{2A0E5C4F-B943-4F37-8A8B-6687DE8DEFBD}.Debug|Any CPU.ActiveCfg = Debug|Any CPU
		{2A0E5C4F-B943-4F37-8A8B-6687DE8DEFBD}.Debug|Any CPU.Build.0 = Debug|Any CPU
		{2A0E5C4F-B943-4F37-8A8B-6687DE8DEFBD}.Release|Any CPU.ActiveCfg = Release|Any CPU
		{2A0E5C4F-B943-4F37-8A8B-6687DE8DEFBD}.Release|Any CPU.Build.0 = Release|Any CPU
		{558B9660-A620-4115-8558-3BC918263CFD}.Debug|Any CPU.ActiveCfg = Debug|Any CPU
		{558B9660-A620-4115-8558-3BC918263CFD}.Debug|Any CPU.Build.0 = Debug|Any CPU
		{558B9660-A620-4115-8558-3BC918263CFD}.Release|Any CPU.ActiveCfg = Release|Any CPU
		{558B9660-A620-4115-8558-3BC918263CFD}.Release|Any CPU.Build.0 = Release|Any CPU
		{0C51D06B-5B02-4ED5-9BF9-672CCB1D5428}.Debug|Any CPU.ActiveCfg = Debug|Any CPU
		{0C51D06B-5B02-4ED5-9BF9-672CCB1D5428}.Debug|Any CPU.Build.0 = Debug|Any CPU
		{0C51D06B-5B02-4ED5-9BF9-672CCB1D5428}.Release|Any CPU.ActiveCfg = Release|Any CPU
		{0C51D06B-5B02-4ED5-9BF9-672CCB1D5428}.Release|Any CPU.Build.0 = Release|Any CPU
		{DD11C991-CFD2-4E08-B9A4-561246AA9337}.Debug|Any CPU.ActiveCfg = Debug|Any CPU
		{DD11C991-CFD2-4E08-B9A4-561246AA9337}.Debug|Any CPU.Build.0 = Debug|Any CPU
		{DD11C991-CFD2-4E08-B9A4-561246AA9337}.Release|Any CPU.ActiveCfg = Release|Any CPU
		{DD11C991-CFD2-4E08-B9A4-561246AA9337}.Release|Any CPU.Build.0 = Release|Any CPU
		{FC900469-B52E-44EE-A931-5213E041C485}.Debug|Any CPU.ActiveCfg = Debug|Any CPU
		{FC900469-B52E-44EE-A931-5213E041C485}.Debug|Any CPU.Build.0 = Debug|Any CPU
		{FC900469-B52E-44EE-A931-5213E041C485}.Release|Any CPU.ActiveCfg = Release|Any CPU
		{FC900469-B52E-44EE-A931-5213E041C485}.Release|Any CPU.Build.0 = Release|Any CPU
		{42A93FE2-F7E1-4CF7-88A4-C8D8B9CBE387}.Debug|Any CPU.ActiveCfg = Debug|Any CPU
		{42A93FE2-F7E1-4CF7-88A4-C8D8B9CBE387}.Debug|Any CPU.Build.0 = Debug|Any CPU
		{42A93FE2-F7E1-4CF7-88A4-C8D8B9CBE387}.Release|Any CPU.ActiveCfg = Release|Any CPU
		{42A93FE2-F7E1-4CF7-88A4-C8D8B9CBE387}.Release|Any CPU.Build.0 = Release|Any CPU
	EndGlobalSection
	GlobalSection(SolutionProperties) = preSolution
		HideSolutionNode = FALSE
	EndGlobalSection
	GlobalSection(NestedProjects) = preSolution
		{FC900469-B52E-44EE-A931-5213E041C485} = {AAEC891C-D236-41D3-82A4-FA84BE7D5BC8}
	EndGlobalSection
	GlobalSection(ExtensibilityGlobals) = postSolution
		SolutionGuid = {073E4358-D085-4931-ACE1-A39195D8B8B1}
	EndGlobalSection
EndGlobal
